{
  "name": "src-new",
  "version": "1.0.0",
  "lockfileVersion": 2,
  "requires": true,
  "packages": {
    "": {
      "name": "src-new",
      "version": "1.0.0",
      "dependencies": {
        "src-module": "file:../src-module"
      }
    },
    "../src-module": {
      "version": "1.0.0",
      "license": "ISC"
    },
    "node_modules/src-module": {
      "resolved": "../src-module",
      "link": true
    }
  },
  "dependencies": {
    "src-module": {
      "version": "file:../src-module"
    }
  }
}
